
Microsoft Visual Studio Solution File, Format Version 12.00
# Visual Studio 15
VisualStudioVersion = 15.0.26228.9
MinimumVisualStudioVersion = 10.0.40219.1
Project("{9A19103F-16F7-4668-BE54-9A1E7A4F7556}") = "TcpTestServer", "TcpTestServer\TcpTestServer.csproj", "{EEF29505-1341-4D20-8798-088E8727DE17}"
EndProject
Project("{9A19103F-16F7-4668-BE54-9A1E7A4F7556}") = "TcpTestClient", "TcpTestClient\TcpTestClient.csproj", "{08EC9550-3703-4A7E-A864-8905FD7250B3}"
EndProject
Project("{9A19103F-16F7-4668-BE54-9A1E7A4F7556}") = "Common", "Common\Common.csproj", "{AFF8B5AB-DA1C-490F-93E2-6482ED2186B2}"
EndProject
Global
	GlobalSection(SolutionConfigurationPlatforms) = preSolution
		Debug|Any CPU = Debug|Any CPU
		Release|Any CPU = Release|Any CPU
	EndGlobalSection
	GlobalSection(ProjectConfigurationPlatforms) = postSolution
		{EEF29505-1341-4D20-8798-088E8727DE17}.Debug|Any CPU.ActiveCfg = Debug|Any CPU
		{EEF29505-1341-4D20-8798-088E8727DE17}.Debug|Any CPU.Build.0 = Debug|Any CPU
		{EEF29505-1341-4D20-8798-088E8727DE17}.Release|Any CPU.ActiveCfg = Release|Any CPU
		{EEF29505-1341-4D20-8798-088E8727DE17}.Release|Any CPU.Build.0 = Release|Any CPU
		{08EC9550-3703-4A7E-A864-8905FD7250B3}.Debug|Any CPU.ActiveCfg = Debug|Any CPU
		{08EC9550-3703-4A7E-A864-8905FD7250B3}.Debug|Any CPU.Build.0 = Debug|Any CPU
		{08EC9550-3703-4A7E-A864-8905FD7250B3}.Release|Any CPU.ActiveCfg = Release|Any CPU
		{08EC9550-3703-4A7E-A864-8905FD7250B3}.Release|Any CPU.Build.0 = Release|Any CPU
		{AFF8B5AB-DA1C-490F-93E2-6482ED2186B2}.Debug|Any CPU.ActiveCfg = Debug|Any CPU
		{AFF8B5AB-DA1C-490F-93E2-6482ED2186B2}.Debug|Any CPU.Build.0 = Debug|Any CPU
		{AFF8B5AB-DA1C-490F-93E2-6482ED2186B2}.Release|Any CPU.ActiveCfg = Release|Any CPU
		{AFF8B5AB-DA1C-490F-93E2-6482ED2186B2}.Release|Any CPU.Build.0 = Release|Any CPU
	EndGlobalSection
	GlobalSection(SolutionProperties) = preSolution
		HideSolutionNode = FALSE
	EndGlobalSection
EndGlobal
